
Microsoft Visual Studio Solution File, Format Version 12.00
# Visual Studio 15
VisualStudioVersion = 15.0.27703.2042
MinimumVisualStudioVersion = 10.0.40219.1
Project("{FAE04EC0-301F-11D3-BF4B-00C04F79EFBC}") = "Json'n'Xml", "Json'n'Xml\Json'n'Xml.csproj", "{BE1CFB11-5AED-41CE-B1EA-C208DB7B590D}"
EndProject
Global
	GlobalSection(SolutionConfigurationPlatforms) = preSolution
		Debug|Any CPU = Debug|Any CPU
		Release|Any CPU = Release|Any CPU
	EndGlobalSection
	GlobalSection(ProjectConfigurationPlatforms) = postSolution
		{BE1CFB11-5AED-41CE-B1EA-C208DB7B590D}.Debug|Any CPU.ActiveCfg = Debug|Any CPU
		{BE1CFB11-5AED-41CE-B1EA-C208DB7B590D}.Debug|Any CPU.Build.0 = Debug|Any CPU
		{BE1CFB11-5AED-41CE-B1EA-C208DB7B590D}.Release|Any CPU.ActiveCfg = Release|Any CPU
		{BE1CFB11-5AED-41CE-B1EA-C208DB7B590D}.Release|Any CPU.Build.0 = Release|Any CPU
	EndGlobalSection
	GlobalSection(SolutionProperties) = preSolution
		HideSolutionNode = FALSE
	EndGlobalSection
	GlobalSection(ExtensibilityGlobals) = postSolution
		SolutionGuid = {DBA0EE60-9138-4862-A71D-EE5AB884B3ED}
	EndGlobalSection
EndGlobal
